// !$*UTF8*$!
{
	archiveVersion = 1;
	classes = {
	};
	objectVersion = 50;
	objects = {

/* Begin PBXBuildFile section */
		DA328D5626026A3D00EC58CA /* ResultsCaretaker.swift in Sources */ = {isa = PBXBuildFile; fileRef = DA328D5526026A3D00EC58CA /* ResultsCaretaker.swift */; };
		DA5EE3B125E15D7E00BDF301 /* AppDelegate.swift in Sources */ = {isa = PBXBuildFile; fileRef = DA5EE3B025E15D7E00BDF301 /* AppDelegate.swift */; };
		DA5EE3B325E15D7E00BDF301 /* SceneDelegate.swift in Sources */ = {isa = PBXBuildFile; fileRef = DA5EE3B225E15D7E00BDF301 /* SceneDelegate.swift */; };
		DA5EE3B525E15D7E00BDF301 /* ViewController.swift in Sources */ = {isa = PBXBuildFile; fileRef = DA5EE3B425E15D7E00BDF301 /* ViewController.swift */; };
		DA5EE3B825E15D7F00BDF301 /* Main.storyboard in Resources */ = {isa = PBXBuildFile; fileRef = DA5EE3B625E15D7F00BDF301 /* Main.storyboard */; };
		DA5EE3BA25E15D8000BDF301 /* Assets.xcassets in Resources */ = {isa = PBXBuildFile; fileRef = DA5EE3B925E15D8000BDF301 /* Assets.xcassets */; };
		DA5EE3BD25E15D8000BDF301 /* LaunchScreen.storyboard in Resources */ = {isa = PBXBuildFile; fileRef = DA5EE3BB25E15D8000BDF301 /* LaunchScreen.storyboard */; };
		DA911A0F25E801EB008EE265 /* Model.swift in Sources */ = {isa = PBXBuildFile; fileRef = DA911A0E25E801EB008EE265 /* Model.swift */; };
		DACE2FE325E16E7A004BA035 /* Question.swift in Sources */ = {isa = PBXBuildFile; fileRef = DACE2FE225E16E7A004BA035 /* Question.swift */; };
		DACE2FE625E171AD004BA035 /* GameViewController.swift in Sources */ = {isa = PBXBuildFile; fileRef = DACE2FE525E171AD004BA035 /* GameViewController.swift */; };
		DACE2FED25E18123004BA035 /* GameVCExtensions.swift in Sources */ = {isa = PBXBuildFile; fileRef = DACE2FEC25E18123004BA035 /* GameVCExtensions.swift */; };
/* End PBXBuildFile section */

/* Begin PBXFileReference section */
		DA328D5526026A3D00EC58CA /* ResultsCaretaker.swift */ = {isa = PBXFileReference; lastKnownFileType = sourcecode.swift; path = ResultsCaretaker.swift; sourceTree = "<group>"; };
		DA5EE3AD25E15D7E00BDF301 /* Millionaire.app */ = {isa = PBXFileReference; explicitFileType = wrapper.application; includeInIndex = 0; path = Millionaire.app; sourceTree = BUILT_PRODUCTS_DIR; };
		DA5EE3B025E15D7E00BDF301 /* AppDelegate.swift */ = {isa = PBXFileReference; lastKnownFileType = sourcecode.swift; path = AppDelegate.swift; sourceTree = "<group>"; };
		DA5EE3B225E15D7E00BDF301 /* SceneDelegate.swift */ = {isa = PBXFileReference; lastKnownFileType = sourcecode.swift; path = SceneDelegate.swift; sourceTree = "<group>"; };
		DA5EE3B425E15D7E00BDF301 /* ViewController.swift */ = {isa = PBXFileReference; lastKnownFileType = sourcecode.swift; path = ViewController.swift; sourceTree = "<group>"; };
		DA5EE3B725E15D7F00BDF301 /* Base */ = {isa = PBXFileReference; lastKnownFileType = file.storyboard; name = Base; path = Base.lproj/Main.storyboard; sourceTree = "<group>"; };
		DA5EE3B925E15D8000BDF301 /* Assets.xcassets */ = {isa = PBXFileReference; lastKnownFileType = folder.assetcatalog; path = Assets.xcassets; sourceTree = "<group>"; };
		DA5EE3BC25E15D8000BDF301 /* Base */ = {isa = PBXFileReference; lastKnownFileType = file.storyboard; name = Base; path = Base.lproj/LaunchScreen.storyboard; sourceTree = "<group>"; };
		DA5EE3BE25E15D8000BDF301 /* Info.plist */ = {isa = PBXFileReference; lastKnownFileType = text.plist.xml; path = Info.plist; sourceTree = "<group>"; };
		DA911A0E25E801EB008EE265 /* Model.swift */ = {isa = PBXFileReference; lastKnownFileType = sourcecode.swift; path = Model.swift; sourceTree = "<group>"; };
		DACE2FE225E16E7A004BA035 /* Question.swift */ = {isa = PBXFileReference; lastKnownFileType = sourcecode.swift; path = Question.swift; sourceTree = "<group>"; };
		DACE2FE525E171AD004BA035 /* GameViewController.swift */ = {isa = PBXFileReference; lastKnownFileType = sourcecode.swift; path = GameViewController.swift; sourceTree = "<group>"; };
		DACE2FEC25E18123004BA035 /* GameVCExtensions.swift */ = {isa = PBXFileReference; lastKnownFileType = sourcecode.swift; path = GameVCExtensions.swift; sourceTree = "<group>"; };
/* End PBXFileReference section */

/* Begin PBXFrameworksBuildPhase section */
		DA5EE3AA25E15D7E00BDF301 /* Frameworks */ = {
			isa = PBXFrameworksBuildPhase;
			buildActionMask = 2147483647;
			files = (
			);
			runOnlyForDeploymentPostprocessing = 0;
		};
/* End PBXFrameworksBuildPhase section */

/* Begin PBXGroup section */
		DA5EE3A425E15D7E00BDF301 = {
			isa = PBXGroup;
			children = (
				DA5EE3AF25E15D7E00BDF301 /* Millionaire */,
				DA5EE3AE25E15D7E00BDF301 /* Products */,
			);
			sourceTree = "<group>";
		};
		DA5EE3AE25E15D7E00BDF301 /* Products */ = {
			isa = PBXGroup;
			children = (
				DA5EE3AD25E15D7E00BDF301 /* Millionaire.app */,
			);
			name = Products;
			sourceTree = "<group>";
		};
		DA5EE3AF25E15D7E00BDF301 /* Millionaire */ = {
			isa = PBXGroup;
			children = (
				DA5EE3B025E15D7E00BDF301 /* AppDelegate.swift */,
				DA5EE3B225E15D7E00BDF301 /* SceneDelegate.swift */,
				DA5EE3B425E15D7E00BDF301 /* ViewController.swift */,
				DA5EE3B625E15D7F00BDF301 /* Main.storyboard */,
				DACE2FF025E1813D004BA035 /* GameVC */,
				DACE2FE225E16E7A004BA035 /* Question.swift */,
				DA911A0E25E801EB008EE265 /* Model.swift */,
				DA328D5526026A3D00EC58CA /* ResultsCaretaker.swift */,
				DA5EE3B925E15D8000BDF301 /* Assets.xcassets */,
				DA5EE3BB25E15D8000BDF301 /* LaunchScreen.storyboard */,
				DA5EE3BE25E15D8000BDF301 /* Info.plist */,
			);
			path = Millionaire;
			sourceTree = "<group>";
		};
		DACE2FF025E1813D004BA035 /* GameVC */ = {
			isa = PBXGroup;
			children = (
				DACE2FE525E171AD004BA035 /* GameViewController.swift */,
				DACE2FEC25E18123004BA035 /* GameVCExtensions.swift */,
			);
			path = GameVC;
			sourceTree = "<group>";
		};
/* End PBXGroup section */

/* Begin PBXNativeTarget section */
		DA5EE3AC25E15D7E00BDF301 /* Millionaire */ = {
			isa = PBXNativeTarget;
			buildConfigurationList = DA5EE3C125E15D8000BDF301 /* Build configuration list for PBXNativeTarget "Millionaire" */;
			buildPhases = (
				DA5EE3A925E15D7E00BDF301 /* Sources */,
				DA5EE3AA25E15D7E00BDF301 /* Frameworks */,
				DA5EE3AB25E15D7E00BDF301 /* Resources */,
			);
			buildRules = (
			);
			dependencies = (
			);
			name = Millionaire;
			productName = Millionaire;
			productReference = DA5EE3AD25E15D7E00BDF301 /* Millionaire.app */;
			productType = "com.apple.product-type.application";
		};
/* End PBXNativeTarget section */

/* Begin PBXProject section */
		DA5EE3A525E15D7E00BDF301 /* Project object */ = {
			isa = PBXProject;
			attributes = {
				LastSwiftUpdateCheck = 1210;
				LastUpgradeCheck = 1210;
				TargetAttributes = {
					DA5EE3AC25E15D7E00BDF301 = {
						CreatedOnToolsVersion = 12.1;
					};
				};
			};
			buildConfigurationList = DA5EE3A825E15D7E00BDF301 /* Build configuration list for PBXProject "Millionaire" */;
			compatibilityVersion = "Xcode 9.3";
			developmentRegion = en;
			hasScannedForEncodings = 0;
			knownRegions = (
				en,
				Base,
			);
			mainGroup = DA5EE3A425E15D7E00BDF301;
			productRefGroup = DA5EE3AE25E15D7E00BDF301 /* Products */;
			projectDirPath = "";
			projectRoot = "";
			targets = (
				DA5EE3AC25E15D7E00BDF301 /* Millionaire */,
			);
		};
/* End PBXProject section */

/* Begin PBXResourcesBuildPhase section */
		DA5EE3AB25E15D7E00BDF301 /* Resources */ = {
			isa = PBXResourcesBuildPhase;
			buildActionMask = 2147483647;
			files = (
				DA5EE3BD25E15D8000BDF301 /* LaunchScreen.storyboard in Resources */,
				DA5EE3BA25E15D8000BDF301 /* Assets.xcassets in Resources */,
				DA5EE3B825E15D7F00BDF301 /* Main.storyboard in Resources */,
			);
			runOnlyForDeploymentPostprocessing = 0;
		};
/* End PBXResourcesBuildPhase section */

/* Begin PBXSourcesBuildPhase section */
		DA5EE3A925E15D7E00BDF301 /* Sources */ = {
			isa = PBXSourcesBuildPhase;
			buildActionMask = 2147483647;
			files = (
				DACE2FE625E171AD004BA035 /* GameViewController.swift in Sources */,
				DA911A0F25E801EB008EE265 /* Model.swift in Sources */,
				DA5EE3B525E15D7E00BDF301 /* ViewController.swift in Sources */,
				DACE2FE325E16E7A004BA035 /* Question.swift in Sources */,
				DA5EE3B125E15D7E00BDF301 /* AppDelegate.swift in Sources */,
				DA328D5626026A3D00EC58CA /* ResultsCaretaker.swift in Sources */,
				DACE2FED25E18123004BA035 /* GameVCExtensions.swift in Sources */,
				DA5EE3B325E15D7E00BDF301 /* SceneDelegate.swift in Sources */,
			);
			runOnlyForDeploymentPostprocessing = 0;
		};
/* End PBXSourcesBuildPhase section */

/* Begin PBXVariantGroup section */
		DA5EE3B625E15D7F00BDF301 /* Main.storyboard */ = {
			isa = PBXVariantGroup;
			children = (
				DA5EE3B725E15D7F00BDF301 /* Base */,
			);
			name = Main.storyboard;
			sourceTree = "<group>";
		};
		DA5EE3BB25E15D8000BDF301 /* LaunchScreen.storyboard */ = {
			isa = PBXVariantGroup;
			children = (
				DA5EE3BC25E15D8000BDF301 /* Base */,
			);
			name = LaunchScreen.storyboard;
			sourceTree = "<group>";
		};
/* End PBXVariantGroup section */

/* Begin XCBuildConfiguration section */
		DA5EE3BF25E15D8000BDF301 /* Debug */ = {
			isa = XCBuildConfiguration;
			buildSettings = {
				ALWAYS_SEARCH_USER_PATHS = NO;
				CLANG_ANALYZER_NONNULL = YES;
				CLANG_ANALYZER_NUMBER_OBJECT_CONVERSION = YES_AGGRESSIVE;
				CLANG_CXX_LANGUAGE_STANDARD = "gnu++14";
				CLANG_CXX_LIBRARY = "libc++";
				CLANG_ENABLE_MODULES = YES;
				CLANG_ENABLE_OBJC_ARC = YES;
				CLANG_ENABLE_OBJC_WEAK = YES;
				CLANG_WARN_BLOCK_CAPTURE_AUTORELEASING = YES;
				CLANG_WARN_BOOL_CONVERSION = YES;
				CLANG_WARN_COMMA = YES;
				CLANG_WARN_CONSTANT_CONVERSION = YES;
				CLANG_WARN_DEPRECATED_OBJC_IMPLEMENTATIONS = YES;
				CLANG_WARN_DIRECT_OBJC_ISA_USAGE = YES_ERROR;
				CLANG_WARN_DOCUMENTATION_COMMENTS = YES;
				CLANG_WARN_EMPTY_BODY = YES;
				CLANG_WARN_ENUM_CONVERSION = YES;
				CLANG_WARN_INFINITE_RECURSION = YES;
				CLANG_WARN_INT_CONVERSION = YES;
				CLANG_WARN_NON_LITERAL_NULL_CONVERSION = YES;
				CLANG_WARN_OBJC_IMPLICIT_RETAIN_SELF = YES;
				CLANG_WARN_OBJC_LITERAL_CONVERSION = YES;
				CLANG_WARN_OBJC_ROOT_CLASS = YES_ERROR;
				CLANG_WARN_QUOTED_INCLUDE_IN_FRAMEWORK_HEADER = YES;
				CLANG_WARN_RANGE_LOOP_ANALYSIS = YES;
				CLANG_WARN_STRICT_PROTOTYPES = YES;
				CLANG_WARN_SUSPICIOUS_MOVE = YES;
				CLANG_WARN_UNGUARDED_AVAILABILITY = YES_AGGRESSIVE;
				CLANG_WARN_UNREACHABLE_CODE = YES;
				CLANG_WARN__DUPLICATE_METHOD_MATCH = YES;
				COPY_PHASE_STRIP = NO;
				DEBUG_INFORMATION_FORMAT = dwarf;
				ENABLE_STRICT_OBJC_MSGSEND = YES;
				ENABLE_TESTABILITY = YES;
				GCC_C_LANGUAGE_STANDARD = gnu11;
				GCC_DYNAMIC_NO_PIC = NO;
				GCC_NO_COMMON_BLOCKS = YES;
				GCC_OPTIMIZATION_LEVEL = 0;
				GCC_PREPROCESSOR_DEFINITIONS = (
					"DEBUG=1",
					"$(inherited)",
				);
				GCC_WARN_64_TO_32_BIT_CONVERSION = YES;
				GCC_WARN_ABOUT_RETURN_TYPE = YES_ERROR;
				GCC_WARN_UNDECLARED_SELECTOR = YES;
				GCC_WARN_UNINITIALIZED_AUTOS = YES_AGGRESSIVE;
				GCC_WARN_UNUSED_FUNCTION = YES;
				GCC_WARN_UNUSED_VARIABLE = YES;
				IPHONEOS_DEPLOYMENT_TARGET = 14.1;
				MTL_ENABLE_DEBUG_INFO = INCLUDE_SOURCE;
				MTL_FAST_MATH = YES;
				ONLY_ACTIVE_ARCH = YES;
				SDKROOT = iphoneos;
				SWIFT_ACTIVE_COMPILATION_CONDITIONS = DEBUG;
				SWIFT_OPTIMIZATION_LEVEL = "-Onone";
			};
			name = Debug;
		};
		DA5EE3C025E15D8000BDF301 /* Release */ = {
			isa = XCBuildConfiguration;
			buildSettings = {
				ALWAYS_SEARCH_USER_PATHS = NO;
				CLANG_ANALYZER_NONNULL = YES;
				CLANG_ANALYZER_NUMBER_OBJECT_CONVERSION = YES_AGGRESSIVE;
				CLANG_CXX_LANGUAGE_STANDARD = "gnu++14";
				CLANG_CXX_LIBRARY = "libc++";
				CLANG_ENABLE_MODULES = YES;
				CLANG_ENABLE_OBJC_ARC = YES;
				CLANG_ENABLE_OBJC_WEAK = YES;
				CLANG_WARN_BLOCK_CAPTURE_AUTORELEASING = YES;
				CLANG_WARN_BOOL_CONVERSION = YES;
				CLANG_WARN_COMMA = YES;
				CLANG_WARN_CONSTANT_CONVERSION = YES;
				CLANG_WARN_DEPRECATED_OBJC_IMPLEMENTATIONS = YES;
				CLANG_WARN_DIRECT_OBJC_ISA_USAGE = YES_ERROR;
				CLANG_WARN_DOCUMENTATION_COMMENTS = YES;
				CLANG_WARN_EMPTY_BODY = YES;
				CLANG_WARN_ENUM_CONVERSION = YES;
				CLANG_WARN_INFINITE_RECURSION = YES;
				CLANG_WARN_INT_CONVERSION = YES;
				CLANG_WARN_NON_LITERAL_NULL_CONVERSION = YES;
				CLANG_WARN_OBJC_IMPLICIT_RETAIN_SELF = YES;
				CLANG_WARN_OBJC_LITERAL_CONVERSION = YES;
				CLANG_WARN_OBJC_ROOT_CLASS = YES_ERROR;
				CLANG_WARN_QUOTED_INCLUDE_IN_FRAMEWORK_HEADER = YES;
				CLANG_WARN_RANGE_LOOP_ANALYSIS = YES;
				CLANG_WARN_STRICT_PROTOTYPES = YES;
				CLANG_WARN_SUSPICIOUS_MOVE = YES;
				CLANG_WARN_UNGUARDED_AVAILABILITY = YES_AGGRESSIVE;
				CLANG_WARN_UNREACHABLE_CODE = YES;
				CLANG_WARN__DUPLICATE_METHOD_MATCH = YES;
				COPY_PHASE_STRIP = NO;
				DEBUG_INFORMATION_FORMAT = "dwarf-with-dsym";
				ENABLE_NS_ASSERTIONS = NO;
				ENABLE_STRICT_OBJC_MSGSEND = YES;
				GCC_C_LANGUAGE_STANDARD = gnu11;
				GCC_NO_COMMON_BLOCKS = YES;
				GCC_WARN_64_TO_32_BIT_CONVERSION = YES;
				GCC_WARN_ABOUT_RETURN_TYPE = YES_ERROR;
				GCC_WARN_UNDECLARED_SELECTOR = YES;
				GCC_WARN_UNINITIALIZED_AUTOS = YES_AGGRESSIVE;
				GCC_WARN_UNUSED_FUNCTION = YES;
				GCC_WARN_UNUSED_VARIABLE = YES;
				IPHONEOS_DEPLOYMENT_TARGET = 14.1;
				MTL_ENABLE_DEBUG_INFO = NO;
				MTL_FAST_MATH = YES;
				SDKROOT = iphoneos;
				SWIFT_COMPILATION_MODE = wholemodule;
				SWIFT_OPTIMIZATION_LEVEL = "-O";
				VALIDATE_PRODUCT = YES;
			};
			name = Release;
		};
		DA5EE3C225E15D8000BDF301 /* Debug */ = {
			isa = XCBuildConfiguration;
			buildSettings = {
				ASSETCATALOG_COMPILER_APPICON_NAME = AppIcon;
				ASSETCATALOG_COMPILER_GLOBAL_ACCENT_COLOR_NAME = AccentColor;
				CODE_SIGN_STYLE = Automatic;
				DEVELOPMENT_TEAM = JA3G2HWBKJ;
				INFOPLIST_FILE = Millionaire/Info.plist;
				LD_RUNPATH_SEARCH_PATHS = (
					"$(inherited)",
					"@executable_path/Frameworks",
				);
				PRODUCT_BUNDLE_IDENTIFIER = ru.vladgoloskov.Millionaire;
				PRODUCT_NAME = "$(TARGET_NAME)";
				SWIFT_VERSION = 5.0;
				TARGETED_DEVICE_FAMILY = 1;
			};
			name = Debug;
		};
		DA5EE3C325E15D8000BDF301 /* Release */ = {
			isa = XCBuildConfiguration;
			buildSettings = {
				ASSETCATALOG_COMPILER_APPICON_NAME = AppIcon;
				ASSETCATALOG_COMPILER_GLOBAL_ACCENT_COLOR_NAME = AccentColor;
				CODE_SIGN_STYLE = Automatic;
				DEVELOPMENT_TEAM = JA3G2HWBKJ;
				INFOPLIST_FILE = Millionaire/Info.plist;
				LD_RUNPATH_SEARCH_PATHS = (
					"$(inherited)",
					"@executable_path/Frameworks",
				);
				PRODUCT_BUNDLE_IDENTIFIER = ru.vladgoloskov.Millionaire;
				PRODUCT_NAME = "$(TARGET_NAME)";
				SWIFT_VERSION = 5.0;
				TARGETED_DEVICE_FAMILY = 1;
			};
			name = Release;
		};
/* End XCBuildConfiguration section */

/* Begin XCConfigurationList section */
		DA5EE3A825E15D7E00BDF301 /* Build configuration list for PBXProject "Millionaire" */ = {
			isa = XCConfigurationList;
			buildConfigurations = (
				DA5EE3BF25E15D8000BDF301 /* Debug */,
				DA5EE3C025E15D8000BDF301 /* Release */,
			);
			defaultConfigurationIsVisible = 0;
			defaultConfigurationName = Release;
		};
		DA5EE3C125E15D8000BDF301 /* Build configuration list for PBXNativeTarget "Millionaire" */ = {
			isa = XCConfigurationList;
			buildConfigurations = (
				DA5EE3C225E15D8000BDF301 /* Debug */,
				DA5EE3C325E15D8000BDF301 /* Release */,
			);
			defaultConfigurationIsVisible = 0;
			defaultConfigurationName = Release;
		};
/* End XCConfigurationList section */
	};
	rootObject = DA5EE3A525E15D7E00BDF301 /* Project object */;
}
